
Microsoft Visual Studio Solution File, Format Version 12.00
# Visual Studio 2013
VisualStudioVersion = 12.0.21005.1
MinimumVisualStudioVersion = 10.0.40219.1
Project("{FAE04EC0-301F-11D3-BF4B-00C04F79EFBC}") = "Presentacion", "Presentacion\Presentacion.csproj", "{27171FEB-1239-4B5C-8AFC-6418BE24AA87}"
	ProjectSection(ProjectDependencies) = postProject
		{C0BB125B-7C20-4D5E-9752-974AE67A8741} = {C0BB125B-7C20-4D5E-9752-974AE67A8741}
		{C0BE5C9F-3338-43A0-8FD4-CAD03D41E074} = {C0BE5C9F-3338-43A0-8FD4-CAD03D41E074}
		{15373CFE-E14A-4E72-815D-5B76F6D28E51} = {15373CFE-E14A-4E72-815D-5B76F6D28E51}
	EndProjectSection
EndProject
Project("{FAE04EC0-301F-11D3-BF4B-00C04F79EFBC}") = "BIZ", "BIZ\BIZ.csproj", "{C0BB125B-7C20-4D5E-9752-974AE67A8741}"
EndProject
Project("{FAE04EC0-301F-11D3-BF4B-00C04F79EFBC}") = "BLL", "BLL\BLL.csproj", "{C0BE5C9F-3338-43A0-8FD4-CAD03D41E074}"
	ProjectSection(ProjectDependencies) = postProject
		{C0BB125B-7C20-4D5E-9752-974AE67A8741} = {C0BB125B-7C20-4D5E-9752-974AE67A8741}
		{2B843984-2521-43C9-A2D7-3A63E644954A} = {2B843984-2521-43C9-A2D7-3A63E644954A}
		{15373CFE-E14A-4E72-815D-5B76F6D28E51} = {15373CFE-E14A-4E72-815D-5B76F6D28E51}
	EndProjectSection
EndProject
Project("{FAE04EC0-301F-11D3-BF4B-00C04F79EFBC}") = "DAL", "DAL\DAL.csproj", "{2B843984-2521-43C9-A2D7-3A63E644954A}"
	ProjectSection(ProjectDependencies) = postProject
		{C0BB125B-7C20-4D5E-9752-974AE67A8741} = {C0BB125B-7C20-4D5E-9752-974AE67A8741}
		{15373CFE-E14A-4E72-815D-5B76F6D28E51} = {15373CFE-E14A-4E72-815D-5B76F6D28E51}
	EndProjectSection
EndProject
Project("{FAE04EC0-301F-11D3-BF4B-00C04F79EFBC}") = "SL", "SL\SL.csproj", "{15373CFE-E14A-4E72-815D-5B76F6D28E51}"
	ProjectSection(ProjectDependencies) = postProject
		{C0BB125B-7C20-4D5E-9752-974AE67A8741} = {C0BB125B-7C20-4D5E-9752-974AE67A8741}
	EndProjectSection
EndProject
Project("{2150E333-8FDC-42A3-9474-1A3956D46DE8}") = "Data", "Data", "{4E1621DB-508F-4D40-8216-D664A971232B}"
EndProject
Project("{2150E333-8FDC-42A3-9474-1A3956D46DE8}") = "Business", "Business", "{59724A37-E763-4434-9376-44CF27DA1F6E}"
EndProject
Project("{2150E333-8FDC-42A3-9474-1A3956D46DE8}") = "Shared", "Shared", "{B6F4BCA7-E475-4991-B242-3A0C3B8E0461}"
	ProjectSection(SolutionItems) = preProject
		DAL\BDLPPA.Context.cs = DAL\BDLPPA.Context.cs
		DAL\BDLPPA.Context.tt = DAL\BDLPPA.Context.tt
		DAL\BDLPPA.cs = DAL\BDLPPA.cs
		DAL\BDLPPA.Designer.cs = DAL\BDLPPA.Designer.cs
	EndProjectSection
EndProject
Project("{FAE04EC0-301F-11D3-BF4B-00C04F79EFBC}") = "Framework", "Framework\Framework.csproj", "{D135D594-0815-4D60-97B3-F5BE979AB0F2}"
EndProject
Project("{2150E333-8FDC-42A3-9474-1A3956D46DE8}") = "Presentation", "Presentation", "{55A18B54-9631-4E97-904A-6EE4D5A1CF06}"
EndProject
Project("{2150E333-8FDC-42A3-9474-1A3956D46DE8}") = "Services", "Services", "{2D8880B5-B602-4440-B533-5DA884AD87FA}"
EndProject
Project("{2150E333-8FDC-42A3-9474-1A3956D46DE8}") = "Test", "Test", "{E3D4787D-6DA3-4D75-8F77-28C9D6439449}"
EndProject
Project("{FAE04EC0-301F-11D3-BF4B-00C04F79EFBC}") = "UnitTest", "UnitTest\UnitTest.csproj", "{348FAB18-281B-406C-BBEB-421DB300CDC4}"
EndProject
Global
	GlobalSection(SolutionConfigurationPlatforms) = preSolution
		Debug|Any CPU = Debug|Any CPU
		Release|Any CPU = Release|Any CPU
	EndGlobalSection
	GlobalSection(ProjectConfigurationPlatforms) = postSolution
		{27171FEB-1239-4B5C-8AFC-6418BE24AA87}.Debug|Any CPU.ActiveCfg = Debug|Any CPU
		{27171FEB-1239-4B5C-8AFC-6418BE24AA87}.Debug|Any CPU.Build.0 = Debug|Any CPU
		{27171FEB-1239-4B5C-8AFC-6418BE24AA87}.Release|Any CPU.ActiveCfg = Release|Any CPU
		{27171FEB-1239-4B5C-8AFC-6418BE24AA87}.Release|Any CPU.Build.0 = Release|Any CPU
		{C0BB125B-7C20-4D5E-9752-974AE67A8741}.Debug|Any CPU.ActiveCfg = Debug|Any CPU
		{C0BB125B-7C20-4D5E-9752-974AE67A8741}.Debug|Any CPU.Build.0 = Debug|Any CPU
		{C0BB125B-7C20-4D5E-9752-974AE67A8741}.Release|Any CPU.ActiveCfg = Release|Any CPU
		{C0BB125B-7C20-4D5E-9752-974AE67A8741}.Release|Any CPU.Build.0 = Release|Any CPU
		{C0BE5C9F-3338-43A0-8FD4-CAD03D41E074}.Debug|Any CPU.ActiveCfg = Debug|Any CPU
		{C0BE5C9F-3338-43A0-8FD4-CAD03D41E074}.Debug|Any CPU.Build.0 = Debug|Any CPU
		{C0BE5C9F-3338-43A0-8FD4-CAD03D41E074}.Release|Any CPU.ActiveCfg = Release|Any CPU
		{C0BE5C9F-3338-43A0-8FD4-CAD03D41E074}.Release|Any CPU.Build.0 = Release|Any CPU
		{2B843984-2521-43C9-A2D7-3A63E644954A}.Debug|Any CPU.ActiveCfg = Debug|Any CPU
		{2B843984-2521-43C9-A2D7-3A63E644954A}.Debug|Any CPU.Build.0 = Debug|Any CPU
		{2B843984-2521-43C9-A2D7-3A63E644954A}.Release|Any CPU.ActiveCfg = Release|Any CPU
		{2B843984-2521-43C9-A2D7-3A63E644954A}.Release|Any CPU.Build.0 = Release|Any CPU
		{15373CFE-E14A-4E72-815D-5B76F6D28E51}.Debug|Any CPU.ActiveCfg = Debug|Any CPU
		{15373CFE-E14A-4E72-815D-5B76F6D28E51}.Debug|Any CPU.Build.0 = Debug|Any CPU
		{15373CFE-E14A-4E72-815D-5B76F6D28E51}.Release|Any CPU.ActiveCfg = Release|Any CPU
		{15373CFE-E14A-4E72-815D-5B76F6D28E51}.Release|Any CPU.Build.0 = Release|Any CPU
		{D135D594-0815-4D60-97B3-F5BE979AB0F2}.Debug|Any CPU.ActiveCfg = Debug|Any CPU
		{D135D594-0815-4D60-97B3-F5BE979AB0F2}.Debug|Any CPU.Build.0 = Debug|Any CPU
		{D135D594-0815-4D60-97B3-F5BE979AB0F2}.Release|Any CPU.ActiveCfg = Release|Any CPU
		{D135D594-0815-4D60-97B3-F5BE979AB0F2}.Release|Any CPU.Build.0 = Release|Any CPU
		{348FAB18-281B-406C-BBEB-421DB300CDC4}.Debug|Any CPU.ActiveCfg = Debug|Any CPU
		{348FAB18-281B-406C-BBEB-421DB300CDC4}.Debug|Any CPU.Build.0 = Debug|Any CPU
		{348FAB18-281B-406C-BBEB-421DB300CDC4}.Release|Any CPU.ActiveCfg = Release|Any CPU
		{348FAB18-281B-406C-BBEB-421DB300CDC4}.Release|Any CPU.Build.0 = Release|Any CPU
	EndGlobalSection
	GlobalSection(SolutionProperties) = preSolution
		HideSolutionNode = FALSE
	EndGlobalSection
	GlobalSection(NestedProjects) = preSolution
		{27171FEB-1239-4B5C-8AFC-6418BE24AA87} = {55A18B54-9631-4E97-904A-6EE4D5A1CF06}
		{C0BB125B-7C20-4D5E-9752-974AE67A8741} = {B6F4BCA7-E475-4991-B242-3A0C3B8E0461}
		{D135D594-0815-4D60-97B3-F5BE979AB0F2} = {B6F4BCA7-E475-4991-B242-3A0C3B8E0461}
		{C0BE5C9F-3338-43A0-8FD4-CAD03D41E074} = {59724A37-E763-4434-9376-44CF27DA1F6E}
		{2B843984-2521-43C9-A2D7-3A63E644954A} = {4E1621DB-508F-4D40-8216-D664A971232B}
		{15373CFE-E14A-4E72-815D-5B76F6D28E51} = {2D8880B5-B602-4440-B533-5DA884AD87FA}
		{348FAB18-281B-406C-BBEB-421DB300CDC4} = {E3D4787D-6DA3-4D75-8F77-28C9D6439449}
	EndGlobalSection
EndGlobal
